
Microsoft Visual Studio Solution File, Format Version 12.00
# Visual Studio Version 17
VisualStudioVersion = 17.7.34221.43
MinimumVisualStudioVersion = 10.0.40219.1
Project("{FAE04EC0-301F-11D3-BF4B-00C04F79EFBC}") = "Ejercicio2_2", "Ejercicio2_2.csproj", "{1CBD4FB1-C3D0-42FE-8263-B987214B44FC}"
EndProject
Global
	GlobalSection(SolutionConfigurationPlatforms) = preSolution
		Debug|Any CPU = Debug|Any CPU
		Release|Any CPU = Release|Any CPU
	EndGlobalSection
	GlobalSection(ProjectConfigurationPlatforms) = postSolution
		{1CBD4FB1-C3D0-42FE-8263-B987214B44FC}.Debug|Any CPU.ActiveCfg = Debug|Any CPU
		{1CBD4FB1-C3D0-42FE-8263-B987214B44FC}.Debug|Any CPU.Build.0 = Debug|Any CPU
		{1CBD4FB1-C3D0-42FE-8263-B987214B44FC}.Debug|Any CPU.Deploy.0 = Debug|Any CPU
		{1CBD4FB1-C3D0-42FE-8263-B987214B44FC}.Release|Any CPU.ActiveCfg = Release|Any CPU
		{1CBD4FB1-C3D0-42FE-8263-B987214B44FC}.Release|Any CPU.Build.0 = Release|Any CPU
		{1CBD4FB1-C3D0-42FE-8263-B987214B44FC}.Release|Any CPU.Deploy.0 = Release|Any CPU
	EndGlobalSection
	GlobalSection(SolutionProperties) = preSolution
		HideSolutionNode = FALSE
	EndGlobalSection
	GlobalSection(ExtensibilityGlobals) = postSolution
		SolutionGuid = {D8915EC3-4FFB-4AF9-94C7-5FB184815A45}
	EndGlobalSection
EndGlobal
